// !$*UTF8*$!
{
	archiveVersion = 1;
	classes = {
	};
	objectVersion = 46;
	objects = {

/* Begin PBXBuildFile section */
		CC9FF9C01992913D007F91C7 /* Foundation.framework in Frameworks */ = {isa = PBXBuildFile; fileRef = CC9FF9BF1992913D007F91C7 /* Foundation.framework */; };
		CC9FF9C21992913D007F91C7 /* CoreGraphics.framework in Frameworks */ = {isa = PBXBuildFile; fileRef = CC9FF9C11992913D007F91C7 /* CoreGraphics.framework */; };
		CC9FF9C41992913D007F91C7 /* UIKit.framework in Frameworks */ = {isa = PBXBuildFile; fileRef = CC9FF9C31992913D007F91C7 /* UIKit.framework */; };
		CC9FF9C61992913D007F91C7 /* CoreData.framework in Frameworks */ = {isa = PBXBuildFile; fileRef = CC9FF9C51992913D007F91C7 /* CoreData.framework */; };
		CC9FF9CC1992913D007F91C7 /* InfoPlist.strings in Resources */ = {isa = PBXBuildFile; fileRef = CC9FF9CA1992913D007F91C7 /* InfoPlist.strings */; };
		CC9FF9CE1992913D007F91C7 /* main.m in Sources */ = {isa = PBXBuildFile; fileRef = CC9FF9CD1992913D007F91C7 /* main.m */; };
		CC9FF9D21992913D007F91C7 /* AppDelegate.m in Sources */ = {isa = PBXBuildFile; fileRef = CC9FF9D11992913D007F91C7 /* AppDelegate.m */; };
		CC9FF9D51992913D007F91C7 /* Idea_Muscle.xcdatamodeld in Sources */ = {isa = PBXBuildFile; fileRef = CC9FF9D31992913D007F91C7 /* Idea_Muscle.xcdatamodeld */; };
		CC9FF9D71992913D007F91C7 /* Images.xcassets in Resources */ = {isa = PBXBuildFile; fileRef = CC9FF9D61992913D007F91C7 /* Images.xcassets */; };
		CC9FF9DE1992913D007F91C7 /* XCTest.framework in Frameworks */ = {isa = PBXBuildFile; fileRef = CC9FF9DD1992913D007F91C7 /* XCTest.framework */; };
		CC9FF9DF1992913D007F91C7 /* Foundation.framework in Frameworks */ = {isa = PBXBuildFile; fileRef = CC9FF9BF1992913D007F91C7 /* Foundation.framework */; };
		CC9FF9E01992913D007F91C7 /* UIKit.framework in Frameworks */ = {isa = PBXBuildFile; fileRef = CC9FF9C31992913D007F91C7 /* UIKit.framework */; };
		CC9FF9E11992913D007F91C7 /* CoreData.framework in Frameworks */ = {isa = PBXBuildFile; fileRef = CC9FF9C51992913D007F91C7 /* CoreData.framework */; };
		CC9FF9E91992913D007F91C7 /* InfoPlist.strings in Resources */ = {isa = PBXBuildFile; fileRef = CC9FF9E71992913D007F91C7 /* InfoPlist.strings */; };
		CC9FF9EB1992913D007F91C7 /* Idea_MuscleTests.m in Sources */ = {isa = PBXBuildFile; fileRef = CC9FF9EA1992913D007F91C7 /* Idea_MuscleTests.m */; };
		CC9FF9F61992A721007F91C7 /* CoreDataStack.m in Sources */ = {isa = PBXBuildFile; fileRef = CC9FF9F51992A721007F91C7 /* CoreDataStack.m */; };
		CC9FF9FE199AC329007F91C7 /* IdeaCreationsViewController.m in Sources */ = {isa = PBXBuildFile; fileRef = CC9FF9FD199AC329007F91C7 /* IdeaCreationsViewController.m */; };
		CC9FFA03199AF22C007F91C7 /* Storyboard.storyboard in Resources */ = {isa = PBXBuildFile; fileRef = CC9FFA02199AF22C007F91C7 /* Storyboard.storyboard */; };
		CC9FFA0C199B141A007F91C7 /* IdeasListViewController.m in Sources */ = {isa = PBXBuildFile; fileRef = CC9FFA0B199B141A007F91C7 /* IdeasListViewController.m */; };
		CC9FFA0F199C11C9007F91C7 /* IdeaTableViewCell.m in Sources */ = {isa = PBXBuildFile; fileRef = CC9FFA0E199C11C9007F91C7 /* IdeaTableViewCell.m */; };
		CC9FFA12199C1AD5007F91C7 /* IdeaPost.m in Sources */ = {isa = PBXBuildFile; fileRef = CC9FFA11199C1AD5007F91C7 /* IdeaPost.m */; };
/* End PBXBuildFile section */

/* Begin PBXContainerItemProxy section */
		CC9FF9E21992913D007F91C7 /* PBXContainerItemProxy */ = {
			isa = PBXContainerItemProxy;
			containerPortal = CC9FF9B41992913C007F91C7 /* Project object */;
			proxyType = 1;
			remoteGlobalIDString = CC9FF9BB1992913D007F91C7;
			remoteInfo = "Idea Muscle";
		};
/* End PBXContainerItemProxy section */

/* Begin PBXFileReference section */
		CC9FF9BC1992913D007F91C7 /* Idea Muscle.app */ = {isa = PBXFileReference; explicitFileType = wrapper.application; includeInIndex = 0; path = "Idea Muscle.app"; sourceTree = BUILT_PRODUCTS_DIR; };
		CC9FF9BF1992913D007F91C7 /* Foundation.framework */ = {isa = PBXFileReference; lastKnownFileType = wrapper.framework; name = Foundation.framework; path = System/Library/Frameworks/Foundation.framework; sourceTree = SDKROOT; };
		CC9FF9C11992913D007F91C7 /* CoreGraphics.framework */ = {isa = PBXFileReference; lastKnownFileType = wrapper.framework; name = CoreGraphics.framework; path = System/Library/Frameworks/CoreGraphics.framework; sourceTree = SDKROOT; };
		CC9FF9C31992913D007F91C7 /* UIKit.framework */ = {isa = PBXFileReference; lastKnownFileType = wrapper.framework; name = UIKit.framework; path = System/Library/Frameworks/UIKit.framework; sourceTree = SDKROOT; };
		CC9FF9C51992913D007F91C7 /* CoreData.framework */ = {isa = PBXFileReference; lastKnownFileType = wrapper.framework; name = CoreData.framework; path = System/Library/Frameworks/CoreData.framework; sourceTree = SDKROOT; };
		CC9FF9C91992913D007F91C7 /* Idea Muscle-Info.plist */ = {isa = PBXFileReference; lastKnownFileType = text.plist.xml; path = "Idea Muscle-Info.plist"; sourceTree = "<group>"; };
		CC9FF9CB1992913D007F91C7 /* en */ = {isa = PBXFileReference; lastKnownFileType = text.plist.strings; name = en; path = en.lproj/InfoPlist.strings; sourceTree = "<group>"; };
		CC9FF9CD1992913D007F91C7 /* main.m */ = {isa = PBXFileReference; lastKnownFileType = sourcecode.c.objc; path = main.m; sourceTree = "<group>"; };
		CC9FF9CF1992913D007F91C7 /* Idea Muscle-Prefix.pch */ = {isa = PBXFileReference; lastKnownFileType = sourcecode.c.h; path = "Idea Muscle-Prefix.pch"; sourceTree = "<group>"; };
		CC9FF9D01992913D007F91C7 /* AppDelegate.h */ = {isa = PBXFileReference; lastKnownFileType = sourcecode.c.h; path = AppDelegate.h; sourceTree = "<group>"; };
		CC9FF9D11992913D007F91C7 /* AppDelegate.m */ = {isa = PBXFileReference; lastKnownFileType = sourcecode.c.objc; path = AppDelegate.m; sourceTree = "<group>"; };
		CC9FF9D41992913D007F91C7 /* Idea_Muscle.xcdatamodel */ = {isa = PBXFileReference; lastKnownFileType = wrapper.xcdatamodel; path = Idea_Muscle.xcdatamodel; sourceTree = "<group>"; };
		CC9FF9D61992913D007F91C7 /* Images.xcassets */ = {isa = PBXFileReference; lastKnownFileType = folder.assetcatalog; path = Images.xcassets; sourceTree = "<group>"; };
		CC9FF9DC1992913D007F91C7 /* Idea MuscleTests.xctest */ = {isa = PBXFileReference; explicitFileType = wrapper.cfbundle; includeInIndex = 0; path = "Idea MuscleTests.xctest"; sourceTree = BUILT_PRODUCTS_DIR; };
		CC9FF9DD1992913D007F91C7 /* XCTest.framework */ = {isa = PBXFileReference; lastKnownFileType = wrapper.framework; name = XCTest.framework; path = Library/Frameworks/XCTest.framework; sourceTree = DEVELOPER_DIR; };
		CC9FF9E61992913D007F91C7 /* Idea MuscleTests-Info.plist */ = {isa = PBXFileReference; lastKnownFileType = text.plist.xml; path = "Idea MuscleTests-Info.plist"; sourceTree = "<group>"; };
		CC9FF9E81992913D007F91C7 /* en */ = {isa = PBXFileReference; lastKnownFileType = text.plist.strings; name = en; path = en.lproj/InfoPlist.strings; sourceTree = "<group>"; };
		CC9FF9EA1992913D007F91C7 /* Idea_MuscleTests.m */ = {isa = PBXFileReference; lastKnownFileType = sourcecode.c.objc; path = Idea_MuscleTests.m; sourceTree = "<group>"; };
		CC9FF9F41992A721007F91C7 /* CoreDataStack.h */ = {isa = PBXFileReference; fileEncoding = 4; lastKnownFileType = sourcecode.c.h; path = CoreDataStack.h; sourceTree = "<group>"; };
		CC9FF9F51992A721007F91C7 /* CoreDataStack.m */ = {isa = PBXFileReference; fileEncoding = 4; lastKnownFileType = sourcecode.c.objc; path = CoreDataStack.m; sourceTree = "<group>"; };
		CC9FF9FC199AC329007F91C7 /* IdeaCreationsViewController.h */ = {isa = PBXFileReference; fileEncoding = 4; lastKnownFileType = sourcecode.c.h; path = IdeaCreationsViewController.h; sourceTree = "<group>"; };
		CC9FF9FD199AC329007F91C7 /* IdeaCreationsViewController.m */ = {isa = PBXFileReference; fileEncoding = 4; lastKnownFileType = sourcecode.c.objc; path = IdeaCreationsViewController.m; sourceTree = "<group>"; };
		CC9FFA02199AF22C007F91C7 /* Storyboard.storyboard */ = {isa = PBXFileReference; fileEncoding = 4; lastKnownFileType = file.storyboard; path = Storyboard.storyboard; sourceTree = "<group>"; };
		CC9FFA0A199B141A007F91C7 /* IdeasListViewController.h */ = {isa = PBXFileReference; fileEncoding = 4; lastKnownFileType = sourcecode.c.h; path = IdeasListViewController.h; sourceTree = "<group>"; };
		CC9FFA0B199B141A007F91C7 /* IdeasListViewController.m */ = {isa = PBXFileReference; fileEncoding = 4; lastKnownFileType = sourcecode.c.objc; path = IdeasListViewController.m; sourceTree = "<group>"; };
		CC9FFA0D199C11C9007F91C7 /* IdeaTableViewCell.h */ = {isa = PBXFileReference; fileEncoding = 4; lastKnownFileType = sourcecode.c.h; path = IdeaTableViewCell.h; sourceTree = "<group>"; };
		CC9FFA0E199C11C9007F91C7 /* IdeaTableViewCell.m */ = {isa = PBXFileReference; fileEncoding = 4; lastKnownFileType = sourcecode.c.objc; path = IdeaTableViewCell.m; sourceTree = "<group>"; };
		CC9FFA10199C1AD5007F91C7 /* IdeaPost.h */ = {isa = PBXFileReference; fileEncoding = 4; lastKnownFileType = sourcecode.c.h; path = IdeaPost.h; sourceTree = "<group>"; };
		CC9FFA11199C1AD5007F91C7 /* IdeaPost.m */ = {isa = PBXFileReference; fileEncoding = 4; lastKnownFileType = sourcecode.c.objc; path = IdeaPost.m; sourceTree = "<group>"; };
/* End PBXFileReference section */

/* Begin PBXFrameworksBuildPhase section */
		CC9FF9B91992913D007F91C7 /* Frameworks */ = {
			isa = PBXFrameworksBuildPhase;
			buildActionMask = 2147483647;
			files = (
				CC9FF9C21992913D007F91C7 /* CoreGraphics.framework in Frameworks */,
				CC9FF9C61992913D007F91C7 /* CoreData.framework in Frameworks */,
				CC9FF9C41992913D007F91C7 /* UIKit.framework in Frameworks */,
				CC9FF9C01992913D007F91C7 /* Foundation.framework in Frameworks */,
			);
			runOnlyForDeploymentPostprocessing = 0;
		};
		CC9FF9D91992913D007F91C7 /* Frameworks */ = {
			isa = PBXFrameworksBuildPhase;
			buildActionMask = 2147483647;
			files = (
				CC9FF9DE1992913D007F91C7 /* XCTest.framework in Frameworks */,
				CC9FF9E11992913D007F91C7 /* CoreData.framework in Frameworks */,
				CC9FF9E01992913D007F91C7 /* UIKit.framework in Frameworks */,
				CC9FF9DF1992913D007F91C7 /* Foundation.framework in Frameworks */,
			);
			runOnlyForDeploymentPostprocessing = 0;
		};
/* End PBXFrameworksBuildPhase section */

/* Begin PBXGroup section */
		CC9FF9B31992913C007F91C7 = {
			isa = PBXGroup;
			children = (
				CC9FF9C71992913D007F91C7 /* Idea Muscle */,
				CC9FF9E41992913D007F91C7 /* Idea MuscleTests */,
				CC9FF9BE1992913D007F91C7 /* Frameworks */,
				CC9FF9BD1992913D007F91C7 /* Products */,
			);
			sourceTree = "<group>";
		};
		CC9FF9BD1992913D007F91C7 /* Products */ = {
			isa = PBXGroup;
			children = (
				CC9FF9BC1992913D007F91C7 /* Idea Muscle.app */,
				CC9FF9DC1992913D007F91C7 /* Idea MuscleTests.xctest */,
			);
			name = Products;
			sourceTree = "<group>";
		};
		CC9FF9BE1992913D007F91C7 /* Frameworks */ = {
			isa = PBXGroup;
			children = (
				CC9FF9BF1992913D007F91C7 /* Foundation.framework */,
				CC9FF9C11992913D007F91C7 /* CoreGraphics.framework */,
				CC9FF9C31992913D007F91C7 /* UIKit.framework */,
				CC9FF9C51992913D007F91C7 /* CoreData.framework */,
				CC9FF9DD1992913D007F91C7 /* XCTest.framework */,
			);
			name = Frameworks;
			sourceTree = "<group>";
		};
		CC9FF9C71992913D007F91C7 /* Idea Muscle */ = {
			isa = PBXGroup;
			children = (
				CC9FFA13199C49E4007F91C7 /* NSManaged Object Subclass */,
				CC9FFA14199C5CF9007F91C7 /* Insert Idea Controller */,
				CC9FFA15199C5D10007F91C7 /* Idea table View Controller */,
				CC9FF9F41992A721007F91C7 /* CoreDataStack.h */,
				CC9FF9F51992A721007F91C7 /* CoreDataStack.m */,
				CC9FF9C81992913D007F91C7 /* Supporting Files */,
			);
			path = "Idea Muscle";
			sourceTree = "<group>";
		};
		CC9FF9C81992913D007F91C7 /* Supporting Files */ = {
			isa = PBXGroup;
			children = (
				CC9FFA02199AF22C007F91C7 /* Storyboard.storyboard */,
				CC9FF9D61992913D007F91C7 /* Images.xcassets */,
				CC9FF9D31992913D007F91C7 /* Idea_Muscle.xcdatamodeld */,
				CC9FF9D01992913D007F91C7 /* AppDelegate.h */,
				CC9FF9D11992913D007F91C7 /* AppDelegate.m */,
				CC9FF9C91992913D007F91C7 /* Idea Muscle-Info.plist */,
				CC9FF9CA1992913D007F91C7 /* InfoPlist.strings */,
				CC9FF9CD1992913D007F91C7 /* main.m */,
				CC9FF9CF1992913D007F91C7 /* Idea Muscle-Prefix.pch */,
			);
			name = "Supporting Files";
			sourceTree = "<group>";
		};
		CC9FF9E41992913D007F91C7 /* Idea MuscleTests */ = {
			isa = PBXGroup;
			children = (
				CC9FF9EA1992913D007F91C7 /* Idea_MuscleTests.m */,
				CC9FF9E51992913D007F91C7 /* Supporting Files */,
			);
			path = "Idea MuscleTests";
			sourceTree = "<group>";
		};
		CC9FF9E51992913D007F91C7 /* Supporting Files */ = {
			isa = PBXGroup;
			children = (
				CC9FF9E61992913D007F91C7 /* Idea MuscleTests-Info.plist */,
				CC9FF9E71992913D007F91C7 /* InfoPlist.strings */,
			);
			name = "Supporting Files";
			sourceTree = "<group>";
		};
		CC9FFA13199C49E4007F91C7 /* NSManaged Object Subclass */ = {
			isa = PBXGroup;
			children = (
				CC9FFA10199C1AD5007F91C7 /* IdeaPost.h */,
				CC9FFA11199C1AD5007F91C7 /* IdeaPost.m */,
			);
			name = "NSManaged Object Subclass";
			path = ..;
			sourceTree = "<group>";
		};
		CC9FFA14199C5CF9007F91C7 /* Insert Idea Controller */ = {
			isa = PBXGroup;
			children = (
				CC9FF9FC199AC329007F91C7 /* IdeaCreationsViewController.h */,
				CC9FF9FD199AC329007F91C7 /* IdeaCreationsViewController.m */,
			);
			name = "Insert Idea Controller";
			sourceTree = "<group>";
		};
		CC9FFA15199C5D10007F91C7 /* Idea table View Controller */ = {
			isa = PBXGroup;
			children = (
				CC9FFA0D199C11C9007F91C7 /* IdeaTableViewCell.h */,
				CC9FFA0E199C11C9007F91C7 /* IdeaTableViewCell.m */,
				CC9FFA0A199B141A007F91C7 /* IdeasListViewController.h */,
				CC9FFA0B199B141A007F91C7 /* IdeasListViewController.m */,
			);
			name = "Idea table View Controller";
			sourceTree = "<group>";
		};
/* End PBXGroup section */

/* Begin PBXNativeTarget section */
		CC9FF9BB1992913D007F91C7 /* Idea Muscle */ = {
			isa = PBXNativeTarget;
			buildConfigurationList = CC9FF9EE1992913D007F91C7 /* Build configuration list for PBXNativeTarget "Idea Muscle" */;
			buildPhases = (
				CC9FF9B81992913D007F91C7 /* Sources */,
				CC9FF9B91992913D007F91C7 /* Frameworks */,
				CC9FF9BA1992913D007F91C7 /* Resources */,
			);
			buildRules = (
			);
			dependencies = (
			);
			name = "Idea Muscle";
			productName = "Idea Muscle";
			productReference = CC9FF9BC1992913D007F91C7 /* Idea Muscle.app */;
			productType = "com.apple.product-type.application";
		};
		CC9FF9DB1992913D007F91C7 /* Idea MuscleTests */ = {
			isa = PBXNativeTarget;
			buildConfigurationList = CC9FF9F11992913D007F91C7 /* Build configuration list for PBXNativeTarget "Idea MuscleTests" */;
			buildPhases = (
				CC9FF9D81992913D007F91C7 /* Sources */,
				CC9FF9D91992913D007F91C7 /* Frameworks */,
				CC9FF9DA1992913D007F91C7 /* Resources */,
			);
			buildRules = (
			);
			dependencies = (
				CC9FF9E31992913D007F91C7 /* PBXTargetDependency */,
			);
			name = "Idea MuscleTests";
			productName = "Idea MuscleTests";
			productReference = CC9FF9DC1992913D007F91C7 /* Idea MuscleTests.xctest */;
			productType = "com.apple.product-type.bundle.unit-test";
		};
/* End PBXNativeTarget section */

/* Begin PBXProject section */
		CC9FF9B41992913C007F91C7 /* Project object */ = {
			isa = PBXProject;
			attributes = {
				LastUpgradeCheck = 0510;
				ORGANIZATIONNAME = AlexCevallos;
				TargetAttributes = {
					CC9FF9DB1992913D007F91C7 = {
						TestTargetID = CC9FF9BB1992913D007F91C7;
					};
				};
			};
			buildConfigurationList = CC9FF9B71992913C007F91C7 /* Build configuration list for PBXProject "Idea Muscle" */;
			compatibilityVersion = "Xcode 3.2";
			developmentRegion = English;
			hasScannedForEncodings = 0;
			knownRegions = (
				en,
			);
			mainGroup = CC9FF9B31992913C007F91C7;
			productRefGroup = CC9FF9BD1992913D007F91C7 /* Products */;
			projectDirPath = "";
			projectRoot = "";
			targets = (
				CC9FF9BB1992913D007F91C7 /* Idea Muscle */,
				CC9FF9DB1992913D007F91C7 /* Idea MuscleTests */,
			);
		};
/* End PBXProject section */

/* Begin PBXResourcesBuildPhase section */
		CC9FF9BA1992913D007F91C7 /* Resources */ = {
			isa = PBXResourcesBuildPhase;
			buildActionMask = 2147483647;
			files = (
				CC9FF9CC1992913D007F91C7 /* InfoPlist.strings in Resources */,
				CC9FF9D71992913D007F91C7 /* Images.xcassets in Resources */,
				CC9FFA03199AF22C007F91C7 /* Storyboard.storyboard in Resources */,
			);
			runOnlyForDeploymentPostprocessing = 0;
		};
		CC9FF9DA1992913D007F91C7 /* Resources */ = {
			isa = PBXResourcesBuildPhase;
			buildActionMask = 2147483647;
			files = (
				CC9FF9E91992913D007F91C7 /* InfoPlist.strings in Resources */,
			);
			runOnlyForDeploymentPostprocessing = 0;
		};
/* End PBXResourcesBuildPhase section */

/* Begin PBXSourcesBuildPhase section */
		CC9FF9B81992913D007F91C7 /* Sources */ = {
			isa = PBXSourcesBuildPhase;
			buildActionMask = 2147483647;
			files = (
				CC9FF9FE199AC329007F91C7 /* IdeaCreationsViewController.m in Sources */,
				CC9FF9D51992913D007F91C7 /* Idea_Muscle.xcdatamodeld in Sources */,
				CC9FF9D21992913D007F91C7 /* AppDelegate.m in Sources */,
				CC9FFA0F199C11C9007F91C7 /* IdeaTableViewCell.m in Sources */,
				CC9FF9CE1992913D007F91C7 /* main.m in Sources */,
				CC9FF9F61992A721007F91C7 /* CoreDataStack.m in Sources */,
				CC9FFA12199C1AD5007F91C7 /* IdeaPost.m in Sources */,
				CC9FFA0C199B141A007F91C7 /* IdeasListViewController.m in Sources */,
			);
			runOnlyForDeploymentPostprocessing = 0;
		};
		CC9FF9D81992913D007F91C7 /* Sources */ = {
			isa = PBXSourcesBuildPhase;
			buildActionMask = 2147483647;
			files = (
				CC9FF9EB1992913D007F91C7 /* Idea_MuscleTests.m in Sources */,
			);
			runOnlyForDeploymentPostprocessing = 0;
		};
/* End PBXSourcesBuildPhase section */

/* Begin PBXTargetDependency section */
		CC9FF9E31992913D007F91C7 /* PBXTargetDependency */ = {
			isa = PBXTargetDependency;
			target = CC9FF9BB1992913D007F91C7 /* Idea Muscle */;
			targetProxy = CC9FF9E21992913D007F91C7 /* PBXContainerItemProxy */;
		};
/* End PBXTargetDependency section */

/* Begin PBXVariantGroup section */
		CC9FF9CA1992913D007F91C7 /* InfoPlist.strings */ = {
			isa = PBXVariantGroup;
			children = (
				CC9FF9CB1992913D007F91C7 /* en */,
			);
			name = InfoPlist.strings;
			sourceTree = "<group>";
		};
		CC9FF9E71992913D007F91C7 /* InfoPlist.strings */ = {
			isa = PBXVariantGroup;
			children = (
				CC9FF9E81992913D007F91C7 /* en */,
			);
			name = InfoPlist.strings;
			sourceTree = "<group>";
		};
/* End PBXVariantGroup section */

/* Begin XCBuildConfiguration section */
		CC9FF9EC1992913D007F91C7 /* Debug */ = {
			isa = XCBuildConfiguration;
			buildSettings = {
				ALWAYS_SEARCH_USER_PATHS = NO;
				CLANG_CXX_LANGUAGE_STANDARD = "gnu++0x";
				CLANG_CXX_LIBRARY = "libc++";
				CLANG_ENABLE_MODULES = YES;
				CLANG_ENABLE_OBJC_ARC = YES;
				CLANG_WARN_BOOL_CONVERSION = YES;
				CLANG_WARN_CONSTANT_CONVERSION = YES;
				CLANG_WARN_DIRECT_OBJC_ISA_USAGE = YES_ERROR;
				CLANG_WARN_EMPTY_BODY = YES;
				CLANG_WARN_ENUM_CONVERSION = YES;
				CLANG_WARN_INT_CONVERSION = YES;
				CLANG_WARN_OBJC_ROOT_CLASS = YES_ERROR;
				CLANG_WARN__DUPLICATE_METHOD_MATCH = YES;
				"CODE_SIGN_IDENTITY[sdk=iphoneos*]" = "iPhone Developer";
				COPY_PHASE_STRIP = NO;
				GCC_C_LANGUAGE_STANDARD = gnu99;
				GCC_DYNAMIC_NO_PIC = NO;
				GCC_OPTIMIZATION_LEVEL = 0;
				GCC_PREPROCESSOR_DEFINITIONS = (
					"DEBUG=1",
					"$(inherited)",
				);
				GCC_SYMBOLS_PRIVATE_EXTERN = NO;
				GCC_WARN_64_TO_32_BIT_CONVERSION = YES;
				GCC_WARN_ABOUT_RETURN_TYPE = YES_ERROR;
				GCC_WARN_UNDECLARED_SELECTOR = YES;
				GCC_WARN_UNINITIALIZED_AUTOS = YES_AGGRESSIVE;
				GCC_WARN_UNUSED_FUNCTION = YES;
				GCC_WARN_UNUSED_VARIABLE = YES;
				IPHONEOS_DEPLOYMENT_TARGET = 7.1;
				ONLY_ACTIVE_ARCH = YES;
				SDKROOT = iphoneos;
			};
			name = Debug;
		};
		CC9FF9ED1992913D007F91C7 /* Release */ = {
			isa = XCBuildConfiguration;
			buildSettings = {
				ALWAYS_SEARCH_USER_PATHS = NO;
				CLANG_CXX_LANGUAGE_STANDARD = "gnu++0x";
				CLANG_CXX_LIBRARY = "libc++";
				CLANG_ENABLE_MODULES = YES;
				CLANG_ENABLE_OBJC_ARC = YES;
				CLANG_WARN_BOOL_CONVERSION = YES;
				CLANG_WARN_CONSTANT_CONVERSION = YES;
				CLANG_WARN_DIRECT_OBJC_ISA_USAGE = YES_ERROR;
				CLANG_WARN_EMPTY_BODY = YES;
				CLANG_WARN_ENUM_CONVERSION = YES;
				CLANG_WARN_INT_CONVERSION = YES;
				CLANG_WARN_OBJC_ROOT_CLASS = YES_ERROR;
				CLANG_WARN__DUPLICATE_METHOD_MATCH = YES;
				"CODE_SIGN_IDENTITY[sdk=iphoneos*]" = "iPhone Developer";
				COPY_PHASE_STRIP = YES;
				ENABLE_NS_ASSERTIONS = NO;
				GCC_C_LANGUAGE_STANDARD = gnu99;
				GCC_WARN_64_TO_32_BIT_CONVERSION = YES;
				GCC_WARN_ABOUT_RETURN_TYPE = YES_ERROR;
				GCC_WARN_UNDECLARED_SELECTOR = YES;
				GCC_WARN_UNINITIALIZED_AUTOS = YES_AGGRESSIVE;
				GCC_WARN_UNUSED_FUNCTION = YES;
				GCC_WARN_UNUSED_VARIABLE = YES;
				IPHONEOS_DEPLOYMENT_TARGET = 7.1;
				SDKROOT = iphoneos;
				VALIDATE_PRODUCT = YES;
			};
			name = Release;
		};
		CC9FF9EF1992913D007F91C7 /* Debug */ = {
			isa = XCBuildConfiguration;
			buildSettings = {
				ASSETCATALOG_COMPILER_APPICON_NAME = AppIcon;
				ASSETCATALOG_COMPILER_LAUNCHIMAGE_NAME = LaunchImage;
				GCC_PRECOMPILE_PREFIX_HEADER = YES;
				GCC_PREFIX_HEADER = "Idea Muscle/Idea Muscle-Prefix.pch";
				INFOPLIST_FILE = "Idea Muscle/Idea Muscle-Info.plist";
				PRODUCT_NAME = "$(TARGET_NAME)";
				WRAPPER_EXTENSION = app;
			};
			name = Debug;
		};
		CC9FF9F01992913D007F91C7 /* Release */ = {
			isa = XCBuildConfiguration;
			buildSettings = {
				ASSETCATALOG_COMPILER_APPICON_NAME = AppIcon;
				ASSETCATALOG_COMPILER_LAUNCHIMAGE_NAME = LaunchImage;
				GCC_PRECOMPILE_PREFIX_HEADER = YES;
				GCC_PREFIX_HEADER = "Idea Muscle/Idea Muscle-Prefix.pch";
				INFOPLIST_FILE = "Idea Muscle/Idea Muscle-Info.plist";
				PRODUCT_NAME = "$(TARGET_NAME)";
				WRAPPER_EXTENSION = app;
			};
			name = Release;
		};
		CC9FF9F21992913D007F91C7 /* Debug */ = {
			isa = XCBuildConfiguration;
			buildSettings = {
				BUNDLE_LOADER = "$(BUILT_PRODUCTS_DIR)/Idea Muscle.app/Idea Muscle";
				FRAMEWORK_SEARCH_PATHS = (
					"$(SDKROOT)/Developer/Library/Frameworks",
					"$(inherited)",
					"$(DEVELOPER_FRAMEWORKS_DIR)",
				);
				GCC_PRECOMPILE_PREFIX_HEADER = YES;
				GCC_PREFIX_HEADER = "Idea Muscle/Idea Muscle-Prefix.pch";
				GCC_PREPROCESSOR_DEFINITIONS = (
					"DEBUG=1",
					"$(inherited)",
				);
				INFOPLIST_FILE = "Idea MuscleTests/Idea MuscleTests-Info.plist";
				PRODUCT_NAME = "$(TARGET_NAME)";
				TEST_HOST = "$(BUNDLE_LOADER)";
				WRAPPER_EXTENSION = xctest;
			};
			name = Debug;
		};
		CC9FF9F31992913D007F91C7 /* Release */ = {
			isa = XCBuildConfiguration;
			buildSettings = {
				BUNDLE_LOADER = "$(BUILT_PRODUCTS_DIR)/Idea Muscle.app/Idea Muscle";
				FRAMEWORK_SEARCH_PATHS = (
					"$(SDKROOT)/Developer/Library/Frameworks",
					"$(inherited)",
					"$(DEVELOPER_FRAMEWORKS_DIR)",
				);
				GCC_PRECOMPILE_PREFIX_HEADER = YES;
				GCC_PREFIX_HEADER = "Idea Muscle/Idea Muscle-Prefix.pch";
				INFOPLIST_FILE = "Idea MuscleTests/Idea MuscleTests-Info.plist";
				PRODUCT_NAME = "$(TARGET_NAME)";
				TEST_HOST = "$(BUNDLE_LOADER)";
				WRAPPER_EXTENSION = xctest;
			};
			name = Release;
		};
/* End XCBuildConfiguration section */

/* Begin XCConfigurationList section */
		CC9FF9B71992913C007F91C7 /* Build configuration list for PBXProject "Idea Muscle" */ = {
			isa = XCConfigurationList;
			buildConfigurations = (
				CC9FF9EC1992913D007F91C7 /* Debug */,
				CC9FF9ED1992913D007F91C7 /* Release */,
			);
			defaultConfigurationIsVisible = 0;
			defaultConfigurationName = Release;
		};
		CC9FF9EE1992913D007F91C7 /* Build configuration list for PBXNativeTarget "Idea Muscle" */ = {
			isa = XCConfigurationList;
			buildConfigurations = (
				CC9FF9EF1992913D007F91C7 /* Debug */,
				CC9FF9F01992913D007F91C7 /* Release */,
			);
			defaultConfigurationIsVisible = 0;
		};
		CC9FF9F11992913D007F91C7 /* Build configuration list for PBXNativeTarget "Idea MuscleTests" */ = {
			isa = XCConfigurationList;
			buildConfigurations = (
				CC9FF9F21992913D007F91C7 /* Debug */,
				CC9FF9F31992913D007F91C7 /* Release */,
			);
			defaultConfigurationIsVisible = 0;
		};
/* End XCConfigurationList section */

/* Begin XCVersionGroup section */
		CC9FF9D31992913D007F91C7 /* Idea_Muscle.xcdatamodeld */ = {
			isa = XCVersionGroup;
			children = (
				CC9FF9D41992913D007F91C7 /* Idea_Muscle.xcdatamodel */,
			);
			currentVersion = CC9FF9D41992913D007F91C7 /* Idea_Muscle.xcdatamodel */;
			path = Idea_Muscle.xcdatamodeld;
			sourceTree = "<group>";
			versionGroupType = wrapper.xcdatamodel;
		};
/* End XCVersionGroup section */
	};
	rootObject = CC9FF9B41992913C007F91C7 /* Project object */;
}
